// !$*UTF8*$!
{
	archiveVersion = 1;
	classes = {
	};
	objectVersion = 50;
	objects = {

/* Begin PBXBuildFile section */
		B41CCB8523846C7B00FC7F62 /* AppDelegate.swift in Sources */ = {isa = PBXBuildFile; fileRef = B41CCB8423846C7B00FC7F62 /* AppDelegate.swift */; };
		B41CCB8723846C7B00FC7F62 /* SceneDelegate.swift in Sources */ = {isa = PBXBuildFile; fileRef = B41CCB8623846C7B00FC7F62 /* SceneDelegate.swift */; };
		B41CCB8923846C7B00FC7F62 /* SearchViewController.swift in Sources */ = {isa = PBXBuildFile; fileRef = B41CCB8823846C7B00FC7F62 /* SearchViewController.swift */; };
		B41CCB8C23846C7B00FC7F62 /* Main.storyboard in Resources */ = {isa = PBXBuildFile; fileRef = B41CCB8A23846C7B00FC7F62 /* Main.storyboard */; };
		B41CCB8E23846C8000FC7F62 /* Assets.xcassets in Resources */ = {isa = PBXBuildFile; fileRef = B41CCB8D23846C8000FC7F62 /* Assets.xcassets */; };
		B41CCB9123846C8000FC7F62 /* LaunchScreen.storyboard in Resources */ = {isa = PBXBuildFile; fileRef = B41CCB8F23846C8000FC7F62 /* LaunchScreen.storyboard */; };
		B41CCB99238474FA00FC7F62 /* SearchViewModel.swift in Sources */ = {isa = PBXBuildFile; fileRef = B41CCB98238474FA00FC7F62 /* SearchViewModel.swift */; };
		B42145A823886D0E001C4532 /* DetailsViewController.swift in Sources */ = {isa = PBXBuildFile; fileRef = B42145A723886D0E001C4532 /* DetailsViewController.swift */; };
		B4B2F077238956270024951C /* DetailsViewModel.swift in Sources */ = {isa = PBXBuildFile; fileRef = B4B2F076238956270024951C /* DetailsViewModel.swift */; };
/* End PBXBuildFile section */

/* Begin PBXFileReference section */
		B41CCB8123846C7B00FC7F62 /* githubApi.app */ = {isa = PBXFileReference; explicitFileType = wrapper.application; includeInIndex = 0; path = githubApi.app; sourceTree = BUILT_PRODUCTS_DIR; };
		B41CCB8423846C7B00FC7F62 /* AppDelegate.swift */ = {isa = PBXFileReference; lastKnownFileType = sourcecode.swift; path = AppDelegate.swift; sourceTree = "<group>"; };
		B41CCB8623846C7B00FC7F62 /* SceneDelegate.swift */ = {isa = PBXFileReference; lastKnownFileType = sourcecode.swift; path = SceneDelegate.swift; sourceTree = "<group>"; };
		B41CCB8823846C7B00FC7F62 /* SearchViewController.swift */ = {isa = PBXFileReference; lastKnownFileType = sourcecode.swift; path = SearchViewController.swift; sourceTree = "<group>"; };
		B41CCB8B23846C7B00FC7F62 /* Base */ = {isa = PBXFileReference; lastKnownFileType = file.storyboard; name = Base; path = Base.lproj/Main.storyboard; sourceTree = "<group>"; };
		B41CCB8D23846C8000FC7F62 /* Assets.xcassets */ = {isa = PBXFileReference; lastKnownFileType = folder.assetcatalog; path = Assets.xcassets; sourceTree = "<group>"; };
		B41CCB9023846C8000FC7F62 /* Base */ = {isa = PBXFileReference; lastKnownFileType = file.storyboard; name = Base; path = Base.lproj/LaunchScreen.storyboard; sourceTree = "<group>"; };
		B41CCB9223846C8000FC7F62 /* Info.plist */ = {isa = PBXFileReference; lastKnownFileType = text.plist.xml; path = Info.plist; sourceTree = "<group>"; };
		B41CCB98238474FA00FC7F62 /* SearchViewModel.swift */ = {isa = PBXFileReference; lastKnownFileType = sourcecode.swift; path = SearchViewModel.swift; sourceTree = "<group>"; };
		B42145A723886D0E001C4532 /* DetailsViewController.swift */ = {isa = PBXFileReference; lastKnownFileType = sourcecode.swift; path = DetailsViewController.swift; sourceTree = "<group>"; };
		B4B2F076238956270024951C /* DetailsViewModel.swift */ = {isa = PBXFileReference; lastKnownFileType = sourcecode.swift; path = DetailsViewModel.swift; sourceTree = "<group>"; };
/* End PBXFileReference section */

/* Begin PBXFrameworksBuildPhase section */
		B41CCB7E23846C7B00FC7F62 /* Frameworks */ = {
			isa = PBXFrameworksBuildPhase;
			buildActionMask = 2147483647;
			files = (
			);
			runOnlyForDeploymentPostprocessing = 0;
		};
/* End PBXFrameworksBuildPhase section */

/* Begin PBXGroup section */
		B41CCB7823846C7B00FC7F62 = {
			isa = PBXGroup;
			children = (
				B41CCB8323846C7B00FC7F62 /* githubApi */,
				B41CCB8223846C7B00FC7F62 /* Products */,
			);
			sourceTree = "<group>";
		};
		B41CCB8223846C7B00FC7F62 /* Products */ = {
			isa = PBXGroup;
			children = (
				B41CCB8123846C7B00FC7F62 /* githubApi.app */,
			);
			name = Products;
			sourceTree = "<group>";
		};
		B41CCB8323846C7B00FC7F62 /* githubApi */ = {
			isa = PBXGroup;
			children = (
				B41CCB8423846C7B00FC7F62 /* AppDelegate.swift */,
				B41CCB8623846C7B00FC7F62 /* SceneDelegate.swift */,
				B4B2F079238962700024951C /* Details screen */,
				B4B2F078238962430024951C /* Search screen */,
				B41CCB8A23846C7B00FC7F62 /* Main.storyboard */,
				B41CCB8D23846C8000FC7F62 /* Assets.xcassets */,
				B41CCB8F23846C8000FC7F62 /* LaunchScreen.storyboard */,
				B41CCB9223846C8000FC7F62 /* Info.plist */,
			);
			path = githubApi;
			sourceTree = "<group>";
		};
		B4B2F078238962430024951C /* Search screen */ = {
			isa = PBXGroup;
			children = (
				B41CCB8823846C7B00FC7F62 /* SearchViewController.swift */,
				B41CCB98238474FA00FC7F62 /* SearchViewModel.swift */,
			);
			path = "Search screen";
			sourceTree = "<group>";
		};
		B4B2F079238962700024951C /* Details screen */ = {
			isa = PBXGroup;
			children = (
				B42145A723886D0E001C4532 /* DetailsViewController.swift */,
				B4B2F076238956270024951C /* DetailsViewModel.swift */,
			);
			path = "Details screen";
			sourceTree = "<group>";
		};
/* End PBXGroup section */

/* Begin PBXNativeTarget section */
		B41CCB8023846C7B00FC7F62 /* githubApi */ = {
			isa = PBXNativeTarget;
			buildConfigurationList = B41CCB9523846C8000FC7F62 /* Build configuration list for PBXNativeTarget "githubApi" */;
			buildPhases = (
				B41CCB7D23846C7B00FC7F62 /* Sources */,
				B41CCB7E23846C7B00FC7F62 /* Frameworks */,
				B41CCB7F23846C7B00FC7F62 /* Resources */,
			);
			buildRules = (
			);
			dependencies = (
			);
			name = githubApi;
			productName = githubApi;
			productReference = B41CCB8123846C7B00FC7F62 /* githubApi.app */;
			productType = "com.apple.product-type.application";
		};
/* End PBXNativeTarget section */

/* Begin PBXProject section */
		B41CCB7923846C7B00FC7F62 /* Project object */ = {
			isa = PBXProject;
			attributes = {
				LastSwiftUpdateCheck = 1120;
				LastUpgradeCheck = 1120;
				ORGANIZATIONNAME = "Vlad Țîrloiu";
				TargetAttributes = {
					B41CCB8023846C7B00FC7F62 = {
						CreatedOnToolsVersion = 11.2.1;
					};
				};
			};
			buildConfigurationList = B41CCB7C23846C7B00FC7F62 /* Build configuration list for PBXProject "githubApi" */;
			compatibilityVersion = "Xcode 9.3";
			developmentRegion = en;
			hasScannedForEncodings = 0;
			knownRegions = (
				en,
				Base,
			);
			mainGroup = B41CCB7823846C7B00FC7F62;
			productRefGroup = B41CCB8223846C7B00FC7F62 /* Products */;
			projectDirPath = "";
			projectRoot = "";
			targets = (
				B41CCB8023846C7B00FC7F62 /* githubApi */,
			);
		};
/* End PBXProject section */

/* Begin PBXResourcesBuildPhase section */
		B41CCB7F23846C7B00FC7F62 /* Resources */ = {
			isa = PBXResourcesBuildPhase;
			buildActionMask = 2147483647;
			files = (
				B41CCB9123846C8000FC7F62 /* LaunchScreen.storyboard in Resources */,
				B41CCB8E23846C8000FC7F62 /* Assets.xcassets in Resources */,
				B41CCB8C23846C7B00FC7F62 /* Main.storyboard in Resources */,
			);
			runOnlyForDeploymentPostprocessing = 0;
		};
/* End PBXResourcesBuildPhase section */

/* Begin PBXSourcesBuildPhase section */
		B41CCB7D23846C7B00FC7F62 /* Sources */ = {
			isa = PBXSourcesBuildPhase;
			buildActionMask = 2147483647;
			files = (
				B41CCB8923846C7B00FC7F62 /* SearchViewController.swift in Sources */,
				B41CCB8523846C7B00FC7F62 /* AppDelegate.swift in Sources */,
				B41CCB99238474FA00FC7F62 /* SearchViewModel.swift in Sources */,
				B41CCB8723846C7B00FC7F62 /* SceneDelegate.swift in Sources */,
				B42145A823886D0E001C4532 /* DetailsViewController.swift in Sources */,
				B4B2F077238956270024951C /* DetailsViewModel.swift in Sources */,
			);
			runOnlyForDeploymentPostprocessing = 0;
		};
/* End PBXSourcesBuildPhase section */

/* Begin PBXVariantGroup section */
		B41CCB8A23846C7B00FC7F62 /* Main.storyboard */ = {
			isa = PBXVariantGroup;
			children = (
				B41CCB8B23846C7B00FC7F62 /* Base */,
			);
			name = Main.storyboard;
			sourceTree = "<group>";
		};
		B41CCB8F23846C8000FC7F62 /* LaunchScreen.storyboard */ = {
			isa = PBXVariantGroup;
			children = (
				B41CCB9023846C8000FC7F62 /* Base */,
			);
			name = LaunchScreen.storyboard;
			sourceTree = "<group>";
		};
/* End PBXVariantGroup section */

/* Begin XCBuildConfiguration section */
		B41CCB9323846C8000FC7F62 /* Debug */ = {
			isa = XCBuildConfiguration;
			buildSettings = {
				ALWAYS_SEARCH_USER_PATHS = NO;
				CLANG_ANALYZER_NONNULL = YES;
				CLANG_ANALYZER_NUMBER_OBJECT_CONVERSION = YES_AGGRESSIVE;
				CLANG_CXX_LANGUAGE_STANDARD = "gnu++14";
				CLANG_CXX_LIBRARY = "libc++";
				CLANG_ENABLE_MODULES = YES;
				CLANG_ENABLE_OBJC_ARC = YES;
				CLANG_ENABLE_OBJC_WEAK = YES;
				CLANG_WARN_BLOCK_CAPTURE_AUTORELEASING = YES;
				CLANG_WARN_BOOL_CONVERSION = YES;
				CLANG_WARN_COMMA = YES;
				CLANG_WARN_CONSTANT_CONVERSION = YES;
				CLANG_WARN_DEPRECATED_OBJC_IMPLEMENTATIONS = YES;
				CLANG_WARN_DIRECT_OBJC_ISA_USAGE = YES_ERROR;
				CLANG_WARN_DOCUMENTATION_COMMENTS = YES;
				CLANG_WARN_EMPTY_BODY = YES;
				CLANG_WARN_ENUM_CONVERSION = YES;
				CLANG_WARN_INFINITE_RECURSION = YES;
				CLANG_WARN_INT_CONVERSION = YES;
				CLANG_WARN_NON_LITERAL_NULL_CONVERSION = YES;
				CLANG_WARN_OBJC_IMPLICIT_RETAIN_SELF = YES;
				CLANG_WARN_OBJC_LITERAL_CONVERSION = YES;
				CLANG_WARN_OBJC_ROOT_CLASS = YES_ERROR;
				CLANG_WARN_RANGE_LOOP_ANALYSIS = YES;
				CLANG_WARN_STRICT_PROTOTYPES = YES;
				CLANG_WARN_SUSPICIOUS_MOVE = YES;
				CLANG_WARN_UNGUARDED_AVAILABILITY = YES_AGGRESSIVE;
				CLANG_WARN_UNREACHABLE_CODE = YES;
				CLANG_WARN__DUPLICATE_METHOD_MATCH = YES;
				COPY_PHASE_STRIP = NO;
				DEBUG_INFORMATION_FORMAT = dwarf;
				ENABLE_STRICT_OBJC_MSGSEND = YES;
				ENABLE_TESTABILITY = YES;
				GCC_C_LANGUAGE_STANDARD = gnu11;
				GCC_DYNAMIC_NO_PIC = NO;
				GCC_NO_COMMON_BLOCKS = YES;
				GCC_OPTIMIZATION_LEVEL = 0;
				GCC_PREPROCESSOR_DEFINITIONS = (
					"DEBUG=1",
					"$(inherited)",
				);
				GCC_WARN_64_TO_32_BIT_CONVERSION = YES;
				GCC_WARN_ABOUT_RETURN_TYPE = YES_ERROR;
				GCC_WARN_UNDECLARED_SELECTOR = YES;
				GCC_WARN_UNINITIALIZED_AUTOS = YES_AGGRESSIVE;
				GCC_WARN_UNUSED_FUNCTION = YES;
				GCC_WARN_UNUSED_VARIABLE = YES;
				IPHONEOS_DEPLOYMENT_TARGET = 13.2;
				MTL_ENABLE_DEBUG_INFO = INCLUDE_SOURCE;
				MTL_FAST_MATH = YES;
				ONLY_ACTIVE_ARCH = YES;
				SDKROOT = iphoneos;
				SWIFT_ACTIVE_COMPILATION_CONDITIONS = DEBUG;
				SWIFT_OPTIMIZATION_LEVEL = "-Onone";
			};
			name = Debug;
		};
		B41CCB9423846C8000FC7F62 /* Release */ = {
			isa = XCBuildConfiguration;
			buildSettings = {
				ALWAYS_SEARCH_USER_PATHS = NO;
				CLANG_ANALYZER_NONNULL = YES;
				CLANG_ANALYZER_NUMBER_OBJECT_CONVERSION = YES_AGGRESSIVE;
				CLANG_CXX_LANGUAGE_STANDARD = "gnu++14";
				CLANG_CXX_LIBRARY = "libc++";
				CLANG_ENABLE_MODULES = YES;
				CLANG_ENABLE_OBJC_ARC = YES;
				CLANG_ENABLE_OBJC_WEAK = YES;
				CLANG_WARN_BLOCK_CAPTURE_AUTORELEASING = YES;
				CLANG_WARN_BOOL_CONVERSION = YES;
				CLANG_WARN_COMMA = YES;
				CLANG_WARN_CONSTANT_CONVERSION = YES;
				CLANG_WARN_DEPRECATED_OBJC_IMPLEMENTATIONS = YES;
				CLANG_WARN_DIRECT_OBJC_ISA_USAGE = YES_ERROR;
				CLANG_WARN_DOCUMENTATION_COMMENTS = YES;
				CLANG_WARN_EMPTY_BODY = YES;
				CLANG_WARN_ENUM_CONVERSION = YES;
				CLANG_WARN_INFINITE_RECURSION = YES;
				CLANG_WARN_INT_CONVERSION = YES;
				CLANG_WARN_NON_LITERAL_NULL_CONVERSION = YES;
				CLANG_WARN_OBJC_IMPLICIT_RETAIN_SELF = YES;
				CLANG_WARN_OBJC_LITERAL_CONVERSION = YES;
				CLANG_WARN_OBJC_ROOT_CLASS = YES_ERROR;
				CLANG_WARN_RANGE_LOOP_ANALYSIS = YES;
				CLANG_WARN_STRICT_PROTOTYPES = YES;
				CLANG_WARN_SUSPICIOUS_MOVE = YES;
				CLANG_WARN_UNGUARDED_AVAILABILITY = YES_AGGRESSIVE;
				CLANG_WARN_UNREACHABLE_CODE = YES;
				CLANG_WARN__DUPLICATE_METHOD_MATCH = YES;
				COPY_PHASE_STRIP = NO;
				DEBUG_INFORMATION_FORMAT = "dwarf-with-dsym";
				ENABLE_NS_ASSERTIONS = NO;
				ENABLE_STRICT_OBJC_MSGSEND = YES;
				GCC_C_LANGUAGE_STANDARD = gnu11;
				GCC_NO_COMMON_BLOCKS = YES;
				GCC_WARN_64_TO_32_BIT_CONVERSION = YES;
				GCC_WARN_ABOUT_RETURN_TYPE = YES_ERROR;
				GCC_WARN_UNDECLARED_SELECTOR = YES;
				GCC_WARN_UNINITIALIZED_AUTOS = YES_AGGRESSIVE;
				GCC_WARN_UNUSED_FUNCTION = YES;
				GCC_WARN_UNUSED_VARIABLE = YES;
				IPHONEOS_DEPLOYMENT_TARGET = 13.2;
				MTL_ENABLE_DEBUG_INFO = NO;
				MTL_FAST_MATH = YES;
				SDKROOT = iphoneos;
				SWIFT_COMPILATION_MODE = wholemodule;
				SWIFT_OPTIMIZATION_LEVEL = "-O";
				VALIDATE_PRODUCT = YES;
			};
			name = Release;
		};
		B41CCB9623846C8000FC7F62 /* Debug */ = {
			isa = XCBuildConfiguration;
			buildSettings = {
				ASSETCATALOG_COMPILER_APPICON_NAME = AppIcon;
				CODE_SIGN_STYLE = Automatic;
				INFOPLIST_FILE = githubApi/Info.plist;
				LD_RUNPATH_SEARCH_PATHS = (
					"$(inherited)",
					"@executable_path/Frameworks",
				);
				PRODUCT_BUNDLE_IDENTIFIER = ro.vladtirloiu.githubApi;
				PRODUCT_NAME = "$(TARGET_NAME)";
				SWIFT_VERSION = 5.0;
				TARGETED_DEVICE_FAMILY = "1,2";
			};
			name = Debug;
		};
		B41CCB9723846C8000FC7F62 /* Release */ = {
			isa = XCBuildConfiguration;
			buildSettings = {
				ASSETCATALOG_COMPILER_APPICON_NAME = AppIcon;
				CODE_SIGN_STYLE = Automatic;
				INFOPLIST_FILE = githubApi/Info.plist;
				LD_RUNPATH_SEARCH_PATHS = (
					"$(inherited)",
					"@executable_path/Frameworks",
				);
				PRODUCT_BUNDLE_IDENTIFIER = ro.vladtirloiu.githubApi;
				PRODUCT_NAME = "$(TARGET_NAME)";
				SWIFT_VERSION = 5.0;
				TARGETED_DEVICE_FAMILY = "1,2";
			};
			name = Release;
		};
/* End XCBuildConfiguration section */

/* Begin XCConfigurationList section */
		B41CCB7C23846C7B00FC7F62 /* Build configuration list for PBXProject "githubApi" */ = {
			isa = XCConfigurationList;
			buildConfigurations = (
				B41CCB9323846C8000FC7F62 /* Debug */,
				B41CCB9423846C8000FC7F62 /* Release */,
			);
			defaultConfigurationIsVisible = 0;
			defaultConfigurationName = Release;
		};
		B41CCB9523846C8000FC7F62 /* Build configuration list for PBXNativeTarget "githubApi" */ = {
			isa = XCConfigurationList;
			buildConfigurations = (
				B41CCB9623846C8000FC7F62 /* Debug */,
				B41CCB9723846C8000FC7F62 /* Release */,
			);
			defaultConfigurationIsVisible = 0;
			defaultConfigurationName = Release;
		};
/* End XCConfigurationList section */
	};
	rootObject = B41CCB7923846C7B00FC7F62 /* Project object */;
}
